
Microsoft Visual Studio Solution File, Format Version 12.00
# Visual Studio Version 17
VisualStudioVersion = 17.0.31903.59
MinimumVisualStudioVersion = 10.0.40219.1
Project("{FAE04EC0-301F-11D3-BF4B-00C04F79EFBC}") = "Server", "Server\Server.csproj", "{B3FFCD07-7DA3-4B9C-A6B0-9FCBA1E1C231}"
EndProject
Project("{FAE04EC0-301F-11D3-BF4B-00C04F79EFBC}") = "DummyClient", "DummyClient\DummyClient.csproj", "{22E2BDF8-E57F-43AE-BBDC-9C9E9B8667FB}"
EndProject
Project("{FAE04EC0-301F-11D3-BF4B-00C04F79EFBC}") = "ServerCore", "ServerCore\ServerCore.csproj", "{F8FBCC9E-8E20-4360-A17C-459BD64A37C9}"
EndProject
Global
	GlobalSection(SolutionConfigurationPlatforms) = preSolution
		Debug|Any CPU = Debug|Any CPU
		Release|Any CPU = Release|Any CPU
	EndGlobalSection
	GlobalSection(SolutionProperties) = preSolution
		HideSolutionNode = FALSE
	EndGlobalSection
	GlobalSection(ProjectConfigurationPlatforms) = postSolution
		{B3FFCD07-7DA3-4B9C-A6B0-9FCBA1E1C231}.Debug|Any CPU.ActiveCfg = Debug|Any CPU
		{B3FFCD07-7DA3-4B9C-A6B0-9FCBA1E1C231}.Debug|Any CPU.Build.0 = Debug|Any CPU
		{B3FFCD07-7DA3-4B9C-A6B0-9FCBA1E1C231}.Release|Any CPU.ActiveCfg = Release|Any CPU
		{B3FFCD07-7DA3-4B9C-A6B0-9FCBA1E1C231}.Release|Any CPU.Build.0 = Release|Any CPU
		{22E2BDF8-E57F-43AE-BBDC-9C9E9B8667FB}.Debug|Any CPU.ActiveCfg = Debug|Any CPU
		{22E2BDF8-E57F-43AE-BBDC-9C9E9B8667FB}.Debug|Any CPU.Build.0 = Debug|Any CPU
		{22E2BDF8-E57F-43AE-BBDC-9C9E9B8667FB}.Release|Any CPU.ActiveCfg = Release|Any CPU
		{22E2BDF8-E57F-43AE-BBDC-9C9E9B8667FB}.Release|Any CPU.Build.0 = Release|Any CPU
		{F8FBCC9E-8E20-4360-A17C-459BD64A37C9}.Debug|Any CPU.ActiveCfg = Debug|Any CPU
		{F8FBCC9E-8E20-4360-A17C-459BD64A37C9}.Debug|Any CPU.Build.0 = Debug|Any CPU
		{F8FBCC9E-8E20-4360-A17C-459BD64A37C9}.Release|Any CPU.ActiveCfg = Release|Any CPU
		{F8FBCC9E-8E20-4360-A17C-459BD64A37C9}.Release|Any CPU.Build.0 = Release|Any CPU
	EndGlobalSection
EndGlobal
